
Microsoft Visual Studio Solution File, Format Version 12.00
# Visual Studio Version 17
VisualStudioVersion = 17.0.32002.185
MinimumVisualStudioVersion = 10.0.40219.1
Project("{9A19103F-16F7-4668-BE54-9A1E7A4F7556}") = "Sample", "Sample\Sample.csproj", "{7D74D6A2-35A4-42B4-9DFF-803FF7567258}"
EndProject
Global
	GlobalSection(SolutionConfigurationPlatforms) = preSolution
		Debug|Any CPU = Debug|Any CPU
		Release|Any CPU = Release|Any CPU
	EndGlobalSection
	GlobalSection(ProjectConfigurationPlatforms) = postSolution
		{7D74D6A2-35A4-42B4-9DFF-803FF7567258}.Debug|Any CPU.ActiveCfg = Debug|Any CPU
		{7D74D6A2-35A4-42B4-9DFF-803FF7567258}.Debug|Any CPU.Build.0 = Debug|Any CPU
		{7D74D6A2-35A4-42B4-9DFF-803FF7567258}.Release|Any CPU.ActiveCfg = Release|Any CPU
		{7D74D6A2-35A4-42B4-9DFF-803FF7567258}.Release|Any CPU.Build.0 = Release|Any CPU
	EndGlobalSection
	GlobalSection(SolutionProperties) = preSolution
		HideSolutionNode = FALSE
	EndGlobalSection
	GlobalSection(ExtensibilityGlobals) = postSolution
		SolutionGuid = {66138CFF-5B3E-4CEF-84DA-EBEE06B51B60}
	EndGlobalSection
EndGlobal
